
Microsoft Visual Studio Solution File, Format Version 12.00
# Visual Studio Version 17
VisualStudioVersion = 17.14.36414.22
MinimumVisualStudioVersion = 10.0.40219.1
Project("{54A90642-561A-4BB1-A94E-469ADEE60C69}") = "HackerNewsKevinLong.client", "nexttechcodingchallenge.client\HackerNewsKevinLong.client.esproj", "{736EDBB6-B326-418B-2BB9-503BFB0B1E5F}"
EndProject
Project("{FAE04EC0-301F-11D3-BF4B-00C04F79EFBC}") = "HackerNewsKevinLong.Server", "NextTechCodingChallenge.Server\HackerNewsKevinLong.Server.csproj", "{1088DB67-874F-4A4A-B806-A14E2685FB46}"
EndProject
Project("{FAE04EC0-301F-11D3-BF4B-00C04F79EFBC}") = "Testing", "Testing\Testing.csproj", "{5E8DDF36-9209-4DC5-A032-F58071981DD8}"
EndProject
Global
	GlobalSection(SolutionConfigurationPlatforms) = preSolution
		Debug|Any CPU = Debug|Any CPU
		Release|Any CPU = Release|Any CPU
	EndGlobalSection
	GlobalSection(ProjectConfigurationPlatforms) = postSolution
		{736EDBB6-B326-418B-2BB9-503BFB0B1E5F}.Debug|Any CPU.ActiveCfg = Debug|Any CPU
		{736EDBB6-B326-418B-2BB9-503BFB0B1E5F}.Debug|Any CPU.Build.0 = Debug|Any CPU
		{736EDBB6-B326-418B-2BB9-503BFB0B1E5F}.Debug|Any CPU.Deploy.0 = Debug|Any CPU
		{736EDBB6-B326-418B-2BB9-503BFB0B1E5F}.Release|Any CPU.ActiveCfg = Release|Any CPU
		{736EDBB6-B326-418B-2BB9-503BFB0B1E5F}.Release|Any CPU.Build.0 = Release|Any CPU
		{736EDBB6-B326-418B-2BB9-503BFB0B1E5F}.Release|Any CPU.Deploy.0 = Release|Any CPU
		{1088DB67-874F-4A4A-B806-A14E2685FB46}.Debug|Any CPU.ActiveCfg = Debug|Any CPU
		{1088DB67-874F-4A4A-B806-A14E2685FB46}.Debug|Any CPU.Build.0 = Debug|Any CPU
		{1088DB67-874F-4A4A-B806-A14E2685FB46}.Release|Any CPU.ActiveCfg = Release|Any CPU
		{1088DB67-874F-4A4A-B806-A14E2685FB46}.Release|Any CPU.Build.0 = Release|Any CPU
		{5E8DDF36-9209-4DC5-A032-F58071981DD8}.Debug|Any CPU.ActiveCfg = Debug|Any CPU
		{5E8DDF36-9209-4DC5-A032-F58071981DD8}.Debug|Any CPU.Build.0 = Debug|Any CPU
		{5E8DDF36-9209-4DC5-A032-F58071981DD8}.Release|Any CPU.ActiveCfg = Release|Any CPU
		{5E8DDF36-9209-4DC5-A032-F58071981DD8}.Release|Any CPU.Build.0 = Release|Any CPU
	EndGlobalSection
	GlobalSection(SolutionProperties) = preSolution
		HideSolutionNode = FALSE
	EndGlobalSection
	GlobalSection(ExtensibilityGlobals) = postSolution
		SolutionGuid = {A081FB3A-736F-41DE-955F-B5F7BC702048}
	EndGlobalSection
EndGlobal
